Microsoft Visual Studio Solution File, Format Version 12.00
# Visual Studio Version 17
VisualStudioVersion = 17.5.2.0
MinimumVisualStudioVersion = 10.0.40219.1
Project("{FAE04EC0-301F-11D3-BF4B-00C04F79EFBC}") = "C# god morgen", "C# god morgen.csproj", "{0C43DD64-1DCA-FF66-93D6-5F5070109CB6}"
EndProject
Global
	GlobalSection(SolutionConfigurationPlatforms) = preSolution
		Debug|Any CPU = Debug|Any CPU
		Release|Any CPU = Release|Any CPU
	EndGlobalSection
	GlobalSection(ProjectConfigurationPlatforms) = postSolution
		{0C43DD64-1DCA-FF66-93D6-5F5070109CB6}.Debug|Any CPU.ActiveCfg = Debug|Any CPU
		{0C43DD64-1DCA-FF66-93D6-5F5070109CB6}.Debug|Any CPU.Build.0 = Debug|Any CPU
		{0C43DD64-1DCA-FF66-93D6-5F5070109CB6}.Release|Any CPU.ActiveCfg = Release|Any CPU
		{0C43DD64-1DCA-FF66-93D6-5F5070109CB6}.Release|Any CPU.Build.0 = Release|Any CPU
	EndGlobalSection
	GlobalSection(SolutionProperties) = preSolution
		HideSolutionNode = FALSE
	EndGlobalSection
	GlobalSection(ExtensibilityGlobals) = postSolution
		SolutionGuid = {81589B88-BE8E-4A4D-A2E9-6999F057857B}
	EndGlobalSection
EndGlobal
